// !$*UTF8*$!
{
	archiveVersion = 1;
	classes = {
	};
	objectVersion = 56;
	objects = {

/* Begin PBXBuildFile section */
		BEE62BFF2929BF2A00F06BA3 /* inputCheck.cpp in Sources */ = {isa = PBXBuildFile; fileRef = BEE62BFD2929BF2A00F06BA3 /* inputCheck.cpp */; };
		BEF9BA3629272373002CBA50 /* tcpServer.cpp in Sources */ = {isa = PBXBuildFile; fileRef = BEF9BA3529272373002CBA50 /* tcpServer.cpp */; };
		BEF9BA3829272390002CBA50 /* tcpClient.cpp in Sources */ = {isa = PBXBuildFile; fileRef = BEF9BA3729272390002CBA50 /* tcpClient.cpp */; };
/* End PBXBuildFile section */

/* Begin PBXFileReference section */
		BEE62BFD2929BF2A00F06BA3 /* inputCheck.cpp */ = {isa = PBXFileReference; fileEncoding = 4; lastKnownFileType = sourcecode.cpp.cpp; path = inputCheck.cpp; sourceTree = "<group>"; };
		BEE62BFE2929BF2A00F06BA3 /* inputCheck.h */ = {isa = PBXFileReference; fileEncoding = 4; lastKnownFileType = sourcecode.c.h; path = inputCheck.h; sourceTree = "<group>"; };
		BEF9BA26292721C0002CBA50 /* 6122_Lab5_socket */ = {isa = PBXFileReference; explicitFileType = "compiled.mach-o.executable"; includeInIndex = 0; path = 6122_Lab5_socket; sourceTree = BUILT_PRODUCTS_DIR; };
		BEF9BA3529272373002CBA50 /* tcpServer.cpp */ = {isa = PBXFileReference; lastKnownFileType = sourcecode.cpp.cpp; path = tcpServer.cpp; sourceTree = "<group>"; };
		BEF9BA3729272390002CBA50 /* tcpClient.cpp */ = {isa = PBXFileReference; lastKnownFileType = sourcecode.cpp.cpp; path = tcpClient.cpp; sourceTree = "<group>"; };
/* End PBXFileReference section */

/* Begin PBXFrameworksBuildPhase section */
		BEF9BA24292721C0002CBA50 /* Frameworks */ = {
			isa = PBXFrameworksBuildPhase;
			buildActionMask = 2147483647;
			files = (
			);
			runOnlyForDeploymentPostprocessing = 0;
		};
/* End PBXFrameworksBuildPhase section */

/* Begin PBXGroup section */
		BEF9BA1E292721C0002CBA50 = {
			isa = PBXGroup;
			children = (
				BEF9BA28292721C0002CBA50 /* 6122_Lab5_socket */,
				BEF9BA27292721C0002CBA50 /* Products */,
			);
			sourceTree = "<group>";
		};
		BEF9BA27292721C0002CBA50 /* Products */ = {
			isa = PBXGroup;
			children = (
				BEF9BA26292721C0002CBA50 /* 6122_Lab5_socket */,
			);
			name = Products;
			sourceTree = "<group>";
		};
		BEF9BA28292721C0002CBA50 /* 6122_Lab5_socket */ = {
			isa = PBXGroup;
			children = (
				BEF9BA3729272390002CBA50 /* tcpClient.cpp */,
				BEF9BA3529272373002CBA50 /* tcpServer.cpp */,
				BEE62BFD2929BF2A00F06BA3 /* inputCheck.cpp */,
				BEE62BFE2929BF2A00F06BA3 /* inputCheck.h */,
			);
			path = 6122_Lab5_socket;
			sourceTree = "<group>";
		};
/* End PBXGroup section */

/* Begin PBXNativeTarget section */
		BEF9BA25292721C0002CBA50 /* 6122_Lab5_socket */ = {
			isa = PBXNativeTarget;
			buildConfigurationList = BEF9BA32292721C1002CBA50 /* Build configuration list for PBXNativeTarget "6122_Lab5_socket" */;
			buildPhases = (
				BEF9BA23292721C0002CBA50 /* Sources */,
				BEF9BA24292721C0002CBA50 /* Frameworks */,
			);
			buildRules = (
			);
			dependencies = (
			);
			name = 6122_Lab5_socket;
			productName = 6122_Lab5_socket;
			productReference = BEF9BA26292721C0002CBA50 /* 6122_Lab5_socket */;
			productType = "com.apple.product-type.tool";
		};
/* End PBXNativeTarget section */

/* Begin PBXProject section */
		BEF9BA1F292721C0002CBA50 /* Project object */ = {
			isa = PBXProject;
			attributes = {
				BuildIndependentTargetsInParallel = 1;
				LastUpgradeCheck = 1410;
				ORGANIZATIONNAME = "Jiahao Sun";
				TargetAttributes = {
					BEF9BA25292721C0002CBA50 = {
						CreatedOnToolsVersion = 14.1;
					};
				};
			};
			buildConfigurationList = BEF9BA22292721C0002CBA50 /* Build configuration list for PBXProject "6122_Lab5_socket" */;
			compatibilityVersion = "Xcode 14.0";
			developmentRegion = en;
			hasScannedForEncodings = 0;
			knownRegions = (
				en,
				Base,
			);
			mainGroup = BEF9BA1E292721C0002CBA50;
			productRefGroup = BEF9BA27292721C0002CBA50 /* Products */;
			projectDirPath = "";
			projectRoot = "";
			targets = (
				BEF9BA25292721C0002CBA50 /* 6122_Lab5_socket */,
			);
		};
/* End PBXProject section */

/* Begin PBXSourcesBuildPhase section */
		BEF9BA23292721C0002CBA50 /* Sources */ = {
			isa = PBXSourcesBuildPhase;
			buildActionMask = 2147483647;
			files = (
				BEF9BA3629272373002CBA50 /* tcpServer.cpp in Sources */,
				BEE62BFF2929BF2A00F06BA3 /* inputCheck.cpp in Sources */,
				BEF9BA3829272390002CBA50 /* tcpClient.cpp in Sources */,
			);
			runOnlyForDeploymentPostprocessing = 0;
		};
/* End PBXSourcesBuildPhase section */

/* Begin XCBuildConfiguration section */
		BEF9BA30292721C1002CBA50 /* Debug */ = {
			isa = XCBuildConfiguration;
			buildSettings = {
				ARCHS = "$(NATIVE_ARCH_ACTUAL)";
				CLANG_CXX_LANGUAGE_STANDARD = "c++11";
				CLANG_CXX_LIBRARY = "libc++";
				FRAMEWORK_SEARCH_PATHS = (
					/Library/Frameworks/,
					"$(inherited)",
				);
				GCC_VERSION = com.apple.compilers.llvm.clang.1_0;
				HEADER_SEARCH_PATHS = (
					/usr/local/include/,
					"$(inherited)",
				);
				LIBRARY_SEARCH_PATHS = (
					/usr/local/lib/,
					"$(inherited)",
				);
				MACOSX_DEPLOYMENT_TARGET = 10.7;
				OTHER_LDFLAGS = (
					"$(inherited)",
					"$(SFML_SYSTEM)",
					"$(SFML_WINDOW)",
					"$(SFML_GRAPHICS)",
					"$(SFML_AUDIO)",
					"$(SFML_NETWORK)",
				);
				SFML_AUDIO = "$(SFML_LINK_PREFIX) sfml-audio$(SFML_LINK_SUFFIX)";
				SFML_BINARY_TYPE = FRAMEWORKS;
				SFML_GRAPHICS = "$(SFML_LINK_PREFIX) sfml-graphics$(SFML_LINK_SUFFIX)";
				SFML_LINK_DYLIBS_PREFIX = "-l";
				SFML_LINK_DYLIBS_SUFFIX = "";
				SFML_LINK_FRAMEWORKS_PREFIX = "-framework";
				SFML_LINK_FRAMEWORKS_SUFFIX = "";
				SFML_LINK_PREFIX = "$(SFML_LINK_$(SFML_BINARY_TYPE)_PREFIX)";
				SFML_LINK_SUFFIX = "$(SFML_LINK_$(SFML_BINARY_TYPE)_SUFFIX)";
				SFML_NETWORK = "$(SFML_LINK_PREFIX) sfml-network$(SFML_LINK_SUFFIX)";
				SFML_SYSTEM = "$(SFML_LINK_PREFIX) sfml-system$(SFML_LINK_SUFFIX)";
				SFML_WINDOW = "$(SFML_LINK_PREFIX) sfml-window$(SFML_LINK_SUFFIX)";
				SUPPORTED_PLATFORMS = macosx;
			};
			name = Debug;
		};
		BEF9BA31292721C1002CBA50 /* Release */ = {
			isa = XCBuildConfiguration;
			buildSettings = {
				ARCHS = "$(NATIVE_ARCH_ACTUAL)";
				CLANG_CXX_LANGUAGE_STANDARD = "c++11";
				CLANG_CXX_LIBRARY = "libc++";
				FRAMEWORK_SEARCH_PATHS = (
					/Library/Frameworks/,
					"$(inherited)",
				);
				GCC_VERSION = com.apple.compilers.llvm.clang.1_0;
				HEADER_SEARCH_PATHS = (
					/usr/local/include/,
					"$(inherited)",
				);
				LIBRARY_SEARCH_PATHS = (
					/usr/local/lib/,
					"$(inherited)",
				);
				MACOSX_DEPLOYMENT_TARGET = 10.7;
				OTHER_LDFLAGS = (
					"$(inherited)",
					"$(SFML_SYSTEM)",
					"$(SFML_WINDOW)",
					"$(SFML_GRAPHICS)",
					"$(SFML_AUDIO)",
					"$(SFML_NETWORK)",
				);
				SFML_AUDIO = "$(SFML_LINK_PREFIX) sfml-audio$(SFML_LINK_SUFFIX)";
				SFML_BINARY_TYPE = FRAMEWORKS;
				SFML_GRAPHICS = "$(SFML_LINK_PREFIX) sfml-graphics$(SFML_LINK_SUFFIX)";
				SFML_LINK_DYLIBS_PREFIX = "-l";
				SFML_LINK_DYLIBS_SUFFIX = "";
				SFML_LINK_FRAMEWORKS_PREFIX = "-framework";
				SFML_LINK_FRAMEWORKS_SUFFIX = "";
				SFML_LINK_PREFIX = "$(SFML_LINK_$(SFML_BINARY_TYPE)_PREFIX)";
				SFML_LINK_SUFFIX = "$(SFML_LINK_$(SFML_BINARY_TYPE)_SUFFIX)";
				SFML_NETWORK = "$(SFML_LINK_PREFIX) sfml-network$(SFML_LINK_SUFFIX)";
				SFML_SYSTEM = "$(SFML_LINK_PREFIX) sfml-system$(SFML_LINK_SUFFIX)";
				SFML_WINDOW = "$(SFML_LINK_PREFIX) sfml-window$(SFML_LINK_SUFFIX)";
				SUPPORTED_PLATFORMS = macosx;
			};
			name = Release;
		};
		BEF9BA33292721C1002CBA50 /* Debug */ = {
			isa = XCBuildConfiguration;
			buildSettings = {
				CODE_SIGN_STYLE = Automatic;
				PRODUCT_NAME = "$(TARGET_NAME)";
			};
			name = Debug;
		};
		BEF9BA34292721C1002CBA50 /* Release */ = {
			isa = XCBuildConfiguration;
			buildSettings = {
				CODE_SIGN_STYLE = Automatic;
				PRODUCT_NAME = "$(TARGET_NAME)";
			};
			name = Release;
		};
/* End XCBuildConfiguration section */

/* Begin XCConfigurationList section */
		BEF9BA22292721C0002CBA50 /* Build configuration list for PBXProject "6122_Lab5_socket" */ = {
			isa = XCConfigurationList;
			buildConfigurations = (
				BEF9BA30292721C1002CBA50 /* Debug */,
				BEF9BA31292721C1002CBA50 /* Release */,
			);
			defaultConfigurationIsVisible = 0;
			defaultConfigurationName = Release;
		};
		BEF9BA32292721C1002CBA50 /* Build configuration list for PBXNativeTarget "6122_Lab5_socket" */ = {
			isa = XCConfigurationList;
			buildConfigurations = (
				BEF9BA33292721C1002CBA50 /* Debug */,
				BEF9BA34292721C1002CBA50 /* Release */,
			);
			defaultConfigurationIsVisible = 0;
			defaultConfigurationName = Release;
		};
/* End XCConfigurationList section */
	};
	rootObject = BEF9BA1F292721C0002CBA50 /* Project object */;
}
